lockfileVersion: '6.0'

settings:
  autoInstallPeers: true
  excludeLinksFromLockfile: false

dependencies:
  cleye:
    specifier: ^1.3.2
    version: 1.3.2
  dotenv:
    specifier: ^16.3.1
    version: 16.3.1

packages:

  /cleye@1.3.2:
    resolution: {integrity: sha512-MngIC2izcCz07iRKr3Pe8Z6ZBv4zbKFl/YnQEN/aMHis6PpH+MxI2e6n0bMUAmSVlMoAyQkdBCSTbfDmtcSovQ==}
    dependencies:
      terminal-columns: 1.4.1
      type-flag: 3.0.0
    dev: false

  /dotenv@16.3.1:
    resolution: {integrity: sha512-IPzF4w4/Rd94bA9imS68tZBaYyBWSCE47V1RGuMrB94iyTOIEwRmVL2x/4An+6mETpLrKJ5hQkB8W4kFAadeIQ==}
    engines: {node: '>=12'}
    dev: false

  /terminal-columns@1.4.1:
    resolution: {integrity: sha512-IKVL/itiMy947XWVv4IHV7a0KQXvKjj4ptbi7Ew9MPMcOLzkiQeyx3Gyvh62hKrfJ0RZc4M1nbhzjNM39Kyujw==}
    dev: false

  /type-flag@3.0.0:
    resolution: {integrity: sha512-3YaYwMseXCAhBB14RXW5cRQfJQlEknS6i4C8fCfeUdS3ihG9EdccdR9kt3vP73ZdeTGmPb4bZtkDn5XMIn1DLA==}
    dev: false
